
Microsoft Visual Studio Solution File, Format Version 12.00
# Visual Studio Version 17
VisualStudioVersion = 17.0.31912.275
MinimumVisualStudioVersion = 10.0.40219.1
Project("{9A19103F-16F7-4668-BE54-9A1E7A4F7556}") = "HateRepeat", "HateRepeat\HateRepeat.csproj", "{13239AC1-8423-49D7-A7A4-D70FDDD459DA}"
EndProject
Project("{9A19103F-16F7-4668-BE54-9A1E7A4F7556}") = "TestGenerateCode", "TestGenerateCode\TestGenerateCode.csproj", "{67277A89-0925-4ABB-9A6C-242E1EABFA04}"
EndProject
Project("{9A19103F-16F7-4668-BE54-9A1E7A4F7556}") = "HateRepeatTool", "HateRepeatTool\HateRepeatTool.csproj", "{DFF0062C-64B4-4411-9C0E-6B6865CBE217}"
EndProject
Global
	GlobalSection(SolutionConfigurationPlatforms) = preSolution
		Debug|Any CPU = Debug|Any CPU
		Release|Any CPU = Release|Any CPU
	EndGlobalSection
	GlobalSection(ProjectConfigurationPlatforms) = postSolution
		{13239AC1-8423-49D7-A7A4-D70FDDD459DA}.Debug|Any CPU.ActiveCfg = Debug|Any CPU
		{13239AC1-8423-49D7-A7A4-D70FDDD459DA}.Debug|Any CPU.Build.0 = Debug|Any CPU
		{13239AC1-8423-49D7-A7A4-D70FDDD459DA}.Release|Any CPU.ActiveCfg = Release|Any CPU
		{13239AC1-8423-49D7-A7A4-D70FDDD459DA}.Release|Any CPU.Build.0 = Release|Any CPU
		{67277A89-0925-4ABB-9A6C-242E1EABFA04}.Debug|Any CPU.ActiveCfg = Debug|Any CPU
		{67277A89-0925-4ABB-9A6C-242E1EABFA04}.Debug|Any CPU.Build.0 = Debug|Any CPU
		{67277A89-0925-4ABB-9A6C-242E1EABFA04}.Release|Any CPU.ActiveCfg = Release|Any CPU
		{67277A89-0925-4ABB-9A6C-242E1EABFA04}.Release|Any CPU.Build.0 = Release|Any CPU
		{DFF0062C-64B4-4411-9C0E-6B6865CBE217}.Debug|Any CPU.ActiveCfg = Debug|Any CPU
		{DFF0062C-64B4-4411-9C0E-6B6865CBE217}.Debug|Any CPU.Build.0 = Debug|Any CPU
		{DFF0062C-64B4-4411-9C0E-6B6865CBE217}.Release|Any CPU.ActiveCfg = Release|Any CPU
		{DFF0062C-64B4-4411-9C0E-6B6865CBE217}.Release|Any CPU.Build.0 = Release|Any CPU
	EndGlobalSection
	GlobalSection(SolutionProperties) = preSolution
		HideSolutionNode = FALSE
	EndGlobalSection
	GlobalSection(ExtensibilityGlobals) = postSolution
		SolutionGuid = {7F06DD81-FE0A-4298-BB0C-21EEC9AB4590}
	EndGlobalSection
EndGlobal
